// !$*UTF8*$!
{
	archiveVersion = 1;
	classes = {
	};
	objectVersion = 46;
	objects = {

/* Begin PBXBuildFile section */
		13F8098E1858BD07008C9080 /* city.plist in Resources */ = {isa = PBXBuildFile; fileRef = 13F8098D1858BD07008C9080 /* city.plist */; };
		13F809A41858C158008C9080 /* ASIAuthenticationDialog.m in Sources */ = {isa = PBXBuildFile; fileRef = 13F809911858C158008C9080 /* ASIAuthenticationDialog.m */; settings = {COMPILER_FLAGS = "-fno-objc-arc"; }; };
		13F809A51858C158008C9080 /* ASIDataCompressor.m in Sources */ = {isa = PBXBuildFile; fileRef = 13F809941858C158008C9080 /* ASIDataCompressor.m */; settings = {COMPILER_FLAGS = "-fno-objc-arc"; }; };
		13F809A61858C158008C9080 /* ASIDataDecompressor.m in Sources */ = {isa = PBXBuildFile; fileRef = 13F809961858C158008C9080 /* ASIDataDecompressor.m */; settings = {COMPILER_FLAGS = "-fno-objc-arc"; }; };
		13F809A71858C158008C9080 /* ASIDownloadCache.m in Sources */ = {isa = PBXBuildFile; fileRef = 13F809981858C158008C9080 /* ASIDownloadCache.m */; settings = {COMPILER_FLAGS = "-fno-objc-arc"; }; };
		13F809A81858C158008C9080 /* ASIFormDataRequest.m in Sources */ = {isa = PBXBuildFile; fileRef = 13F8099A1858C158008C9080 /* ASIFormDataRequest.m */; settings = {COMPILER_FLAGS = "-fno-objc-arc"; }; };
		13F809A91858C158008C9080 /* ASIHTTPRequest.m in Sources */ = {isa = PBXBuildFile; fileRef = 13F8099C1858C158008C9080 /* ASIHTTPRequest.m */; settings = {COMPILER_FLAGS = "-fno-objc-arc"; }; };
		13F809AA1858C158008C9080 /* ASIInputStream.m in Sources */ = {isa = PBXBuildFile; fileRef = 13F809A01858C158008C9080 /* ASIInputStream.m */; settings = {COMPILER_FLAGS = "-fno-objc-arc"; }; };
		13F809AB1858C158008C9080 /* ASINetworkQueue.m in Sources */ = {isa = PBXBuildFile; fileRef = 13F809A21858C158008C9080 /* ASINetworkQueue.m */; settings = {COMPILER_FLAGS = "-fno-objc-arc"; }; };
		13F809BA1858C989008C9080 /* NSObject+SBJSON.m in Sources */ = {isa = PBXBuildFile; fileRef = 13F809AF1858C989008C9080 /* NSObject+SBJSON.m */; settings = {COMPILER_FLAGS = "-fno-objc-arc"; }; };
		13F809BB1858C989008C9080 /* NSString+SBJSON.m in Sources */ = {isa = PBXBuildFile; fileRef = 13F809B11858C989008C9080 /* NSString+SBJSON.m */; settings = {COMPILER_FLAGS = "-fno-objc-arc"; }; };
		13F809BC1858C989008C9080 /* SBJSON.m in Sources */ = {isa = PBXBuildFile; fileRef = 13F809B31858C989008C9080 /* SBJSON.m */; settings = {COMPILER_FLAGS = "-fno-objc-arc"; }; };
		13F809BD1858C989008C9080 /* SBJsonBase.m in Sources */ = {isa = PBXBuildFile; fileRef = 13F809B51858C989008C9080 /* SBJsonBase.m */; settings = {COMPILER_FLAGS = "-fno-objc-arc"; }; };
		13F809BE1858C989008C9080 /* SBJsonParser.m in Sources */ = {isa = PBXBuildFile; fileRef = 13F809B71858C989008C9080 /* SBJsonParser.m */; settings = {COMPILER_FLAGS = "-fno-objc-arc"; }; };
		13F809BF1858C989008C9080 /* SBJsonWriter.m in Sources */ = {isa = PBXBuildFile; fileRef = 13F809B91858C989008C9080 /* SBJsonWriter.m */; settings = {COMPILER_FLAGS = "-fno-objc-arc"; }; };
		13F809C31858CD67008C9080 /* Reachability.m in Sources */ = {isa = PBXBuildFile; fileRef = 13F809C21858CD67008C9080 /* Reachability.m */; settings = {COMPILER_FLAGS = "-fno-objc-arc"; }; };
		13F809C51858CE18008C9080 /* CFNetwork.framework in Frameworks */ = {isa = PBXBuildFile; fileRef = 13F809C41858CE18008C9080 /* CFNetwork.framework */; };
		13F809C81858CF09008C9080 /* SystemConfiguration.framework in Frameworks */ = {isa = PBXBuildFile; fileRef = 13F809C71858CF09008C9080 /* SystemConfiguration.framework */; };
		13F809CA1858CF11008C9080 /* MobileCoreServices.framework in Frameworks */ = {isa = PBXBuildFile; fileRef = 13F809C91858CF11008C9080 /* MobileCoreServices.framework */; };
		13F809CC1858CF19008C9080 /* libz.dylib in Frameworks */ = {isa = PBXBuildFile; fileRef = 13F809CB1858CF19008C9080 /* libz.dylib */; };
		2794D5FF18584975003FA866 /* StartViewController.m in Sources */ = {isa = PBXBuildFile; fileRef = 2794D5FE18584975003FA866 /* StartViewController.m */; };
		2794D60618585302003FA866 /* WeatherView.m in Sources */ = {isa = PBXBuildFile; fileRef = 2794D60518585302003FA866 /* WeatherView.m */; };
		2794D60918585E4D003FA866 /* UIScreenEx.mm in Sources */ = {isa = PBXBuildFile; fileRef = 2794D60818585E4D003FA866 /* UIScreenEx.mm */; };
		2794D60C185872D5003FA866 /* RNTimer.m in Sources */ = {isa = PBXBuildFile; fileRef = 2794D60B185872D5003FA866 /* RNTimer.m */; };
		2794D61418588578003FA866 /* CoreLocation.framework in Frameworks */ = {isa = PBXBuildFile; fileRef = 2794D61318588578003FA866 /* CoreLocation.framework */; };
		2794D61A185966D6003FA866 /* CityManager.m in Sources */ = {isa = PBXBuildFile; fileRef = 2794D619185966D6003FA866 /* CityManager.m */; };
		2794D61C1859709E003FA866 /* CityManagerTest.m in Sources */ = {isa = PBXBuildFile; fileRef = 2794D61B1859709E003FA866 /* CityManagerTest.m */; };
		2794D61E1859AFC4003FA866 /* 造字工房悦黑细体.otf in Resources */ = {isa = PBXBuildFile; fileRef = 2794D61D1859AFC3003FA866 /* 造字工房悦黑细体.otf */; };
		2794D6201859AFDA003FA866 /* Roboto-Thin.ttf in Resources */ = {isa = PBXBuildFile; fileRef = 2794D61F1859AFDA003FA866 /* Roboto-Thin.ttf */; };
		2794D6341859D519003FA866 /* DoubleColorView.m in Sources */ = {isa = PBXBuildFile; fileRef = 2794D6331859D519003FA866 /* DoubleColorView.m */; };
		2794D63A185B1A6F003FA866 /* SwipeButton.m in Sources */ = {isa = PBXBuildFile; fileRef = 2794D639185B1A6F003FA866 /* SwipeButton.m */; };
		940053881861D4CD00940BBB /* SettingViewController.m in Sources */ = {isa = PBXBuildFile; fileRef = 940053871861D4CD00940BBB /* SettingViewController.m */; };
		9400538B1861D8BA00940BBB /* BaseViewController.m in Sources */ = {isa = PBXBuildFile; fileRef = 9400538A1861D8BA00940BBB /* BaseViewController.m */; };
		9400538E1861E07400940BBB /* ShakeViewController.m in Sources */ = {isa = PBXBuildFile; fileRef = 9400538D1861E07400940BBB /* ShakeViewController.m */; };
		940053911861E17600940BBB /* Utils.m in Sources */ = {isa = PBXBuildFile; fileRef = 940053901861E17600940BBB /* Utils.m */; };
		940535221871CCA2008317B3 /* AMBlurView.m in Sources */ = {isa = PBXBuildFile; fileRef = 940535211871CCA2008317B3 /* AMBlurView.m */; };
		9405352718727652008317B3 /* IZValueSelectorView.m in Sources */ = {isa = PBXBuildFile; fileRef = 9405352618727652008317B3 /* IZValueSelectorView.m */; };
		9421FEB7187A547800260FA8 /* CPMotionRecognizingWindow.m in Sources */ = {isa = PBXBuildFile; fileRef = 9421FEB4187A547800260FA8 /* CPMotionRecognizingWindow.m */; };
		9421FEB8187A547800260FA8 /* UIResponder+MotionRecognizers.m in Sources */ = {isa = PBXBuildFile; fileRef = 9421FEB6187A547800260FA8 /* UIResponder+MotionRecognizers.m */; };
		9421FEBE187A7FAA00260FA8 /* KDGoalBar.m in Sources */ = {isa = PBXBuildFile; fileRef = 9421FEBB187A7FAA00260FA8 /* KDGoalBar.m */; settings = {COMPILER_FLAGS = "-fno-objc-arc"; }; };
		9421FEBF187A7FAA00260FA8 /* KDGoalBarPercentLayer.m in Sources */ = {isa = PBXBuildFile; fileRef = 9421FEBD187A7FAA00260FA8 /* KDGoalBarPercentLayer.m */; settings = {COMPILER_FLAGS = "-fno-objc-arc"; }; };
		9421FEC1187A906400260FA8 /* music.aac in Resources */ = {isa = PBXBuildFile; fileRef = 9421FEC0187A906400260FA8 /* music.aac */; };
		94483375185449F300584592 /* Foundation.framework in Frameworks */ = {isa = PBXBuildFile; fileRef = 94483374185449F300584592 /* Foundation.framework */; };
		94483377185449F300584592 /* CoreGraphics.framework in Frameworks */ = {isa = PBXBuildFile; fileRef = 94483376185449F300584592 /* CoreGraphics.framework */; };
		94483379185449F300584592 /* UIKit.framework in Frameworks */ = {isa = PBXBuildFile; fileRef = 94483378185449F300584592 /* UIKit.framework */; };
		9448337F185449F300584592 /* InfoPlist.strings in Resources */ = {isa = PBXBuildFile; fileRef = 9448337D185449F300584592 /* InfoPlist.strings */; };
		94483381185449F300584592 /* main.m in Sources */ = {isa = PBXBuildFile; fileRef = 94483380185449F300584592 /* main.m */; };
		94483385185449F300584592 /* AppDelegate.m in Sources */ = {isa = PBXBuildFile; fileRef = 94483384185449F300584592 /* AppDelegate.m */; };
		9448338D185449F300584592 /* Images.xcassets in Resources */ = {isa = PBXBuildFile; fileRef = 9448338C185449F300584592 /* Images.xcassets */; };
		94483394185449F300584592 /* XCTest.framework in Frameworks */ = {isa = PBXBuildFile; fileRef = 94483393185449F300584592 /* XCTest.framework */; };
		94483395185449F300584592 /* Foundation.framework in Frameworks */ = {isa = PBXBuildFile; fileRef = 94483374185449F300584592 /* Foundation.framework */; };
		94483396185449F300584592 /* UIKit.framework in Frameworks */ = {isa = PBXBuildFile; fileRef = 94483378185449F300584592 /* UIKit.framework */; };
		9448339E185449F300584592 /* InfoPlist.strings in Resources */ = {isa = PBXBuildFile; fileRef = 9448339C185449F300584592 /* InfoPlist.strings */; };
		944833A0185449F300584592 /* WakeupTests.m in Sources */ = {isa = PBXBuildFile; fileRef = 9448339F185449F300584592 /* WakeupTests.m */; };
		944833AF18544CC800584592 /* NSString+ForJava.m in Sources */ = {isa = PBXBuildFile; fileRef = 944833AE18544CC800584592 /* NSString+ForJava.m */; };
		944833B418544CDE00584592 /* Config.m in Sources */ = {isa = PBXBuildFile; fileRef = 944833B318544CDE00584592 /* Config.m */; };
		9489F9F3186C6A77002ED639 /* libWeChatSDK.a in Frameworks */ = {isa = PBXBuildFile; fileRef = 9489F9F0186C6A77002ED639 /* libWeChatSDK.a */; };
		9489F9F6186D0AAC002ED639 /* ShareViewController.m in Sources */ = {isa = PBXBuildFile; fileRef = 9489F9F5186D0AAC002ED639 /* ShareViewController.m */; };
		94EFC397187C36E400457310 /* TTCounterLabel.m in Sources */ = {isa = PBXBuildFile; fileRef = 94EFC396187C36E400457310 /* TTCounterLabel.m */; };
		94EFC39A187C373500457310 /* TTTAttributedLabel.m in Sources */ = {isa = PBXBuildFile; fileRef = 94EFC399187C373500457310 /* TTTAttributedLabel.m */; };
/* End PBXBuildFile section */

/* Begin PBXContainerItemProxy section */
		94483397185449F300584592 /* PBXContainerItemProxy */ = {
			isa = PBXContainerItemProxy;
			containerPortal = 94483369185449F300584592 /* Project object */;
			proxyType = 1;
			remoteGlobalIDString = 94483370185449F300584592;
			remoteInfo = Wakeup;
		};
/* End PBXContainerItemProxy section */

/* Begin PBXFileReference section */
		13F8098D1858BD07008C9080 /* city.plist */ = {isa = PBXFileReference; fileEncoding = 4; lastKnownFileType = text.plist.xml; path = city.plist; sourceTree = "<group>"; };
		13F809901858C158008C9080 /* ASIAuthenticationDialog.h */ = {isa = PBXFileReference; fileEncoding = 4; lastKnownFileType = sourcecode.c.h; path = ASIAuthenticationDialog.h; sourceTree = "<group>"; };
		13F809911858C158008C9080 /* ASIAuthenticationDialog.m */ = {isa = PBXFileReference; fileEncoding = 4; lastKnownFileType = sourcecode.c.objc; path = ASIAuthenticationDialog.m; sourceTree = "<group>"; };
		13F809921858C158008C9080 /* ASICacheDelegate.h */ = {isa = PBXFileReference; fileEncoding = 4; lastKnownFileType = sourcecode.c.h; path = ASICacheDelegate.h; sourceTree = "<group>"; };
		13F809931858C158008C9080 /* ASIDataCompressor.h */ = {isa = PBXFileReference; fileEncoding = 4; lastKnownFileType = sourcecode.c.h; path = ASIDataCompressor.h; sourceTree = "<group>"; };
		13F809941858C158008C9080 /* ASIDataCompressor.m */ = {isa = PBXFileReference; fileEncoding = 4; lastKnownFileType = sourcecode.c.objc; path = ASIDataCompressor.m; sourceTree = "<group>"; };
		13F809951858C158008C9080 /* ASIDataDecompressor.h */ = {isa = PBXFileReference; fileEncoding = 4; lastKnownFileType = sourcecode.c.h; path = ASIDataDecompressor.h; sourceTree = "<group>"; };
		13F809961858C158008C9080 /* ASIDataDecompressor.m */ = {isa = PBXFileReference; fileEncoding = 4; lastKnownFileType = sourcecode.c.objc; path = ASIDataDecompressor.m; sourceTree = "<group>"; };
		13F809971858C158008C9080 /* ASIDownloadCache.h */ = {isa = PBXFileReference; fileEncoding = 4; lastKnownFileType = sourcecode.c.h; path = ASIDownloadCache.h; sourceTree = "<group>"; };
		13F809981858C158008C9080 /* ASIDownloadCache.m */ = {isa = PBXFileReference; fileEncoding = 4; lastKnownFileType = sourcecode.c.objc; path = ASIDownloadCache.m; sourceTree = "<group>"; };
		13F809991858C158008C9080 /* ASIFormDataRequest.h */ = {isa = PBXFileReference; fileEncoding = 4; lastKnownFileType = sourcecode.c.h; path = ASIFormDataRequest.h; sourceTree = "<group>"; };
		13F8099A1858C158008C9080 /* ASIFormDataRequest.m */ = {isa = PBXFileReference; fileEncoding = 4; lastKnownFileType = sourcecode.c.objc; path = ASIFormDataRequest.m; sourceTree = "<group>"; };
		13F8099B1858C158008C9080 /* ASIHTTPRequest.h */ = {isa = PBXFileReference; fileEncoding = 4; lastKnownFileType = sourcecode.c.h; path = ASIHTTPRequest.h; sourceTree = "<group>"; };
		13F8099C1858C158008C9080 /* ASIHTTPRequest.m */ = {isa = PBXFileReference; fileEncoding = 4; lastKnownFileType = sourcecode.c.objc; path = ASIHTTPRequest.m; sourceTree = "<group>"; };
		13F8099D1858C158008C9080 /* ASIHTTPRequestConfig.h */ = {isa = PBXFileReference; fileEncoding = 4; lastKnownFileType = sourcecode.c.h; path = ASIHTTPRequestConfig.h; sourceTree = "<group>"; };
		13F8099E1858C158008C9080 /* ASIHTTPRequestDelegate.h */ = {isa = PBXFileReference; fileEncoding = 4; lastKnownFileType = sourcecode.c.h; path = ASIHTTPRequestDelegate.h; sourceTree = "<group>"; };
		13F8099F1858C158008C9080 /* ASIInputStream.h */ = {isa = PBXFileReference; fileEncoding = 4; lastKnownFileType = sourcecode.c.h; path = ASIInputStream.h; sourceTree = "<group>"; };
		13F809A01858C158008C9080 /* ASIInputStream.m */ = {isa = PBXFileReference; fileEncoding = 4; lastKnownFileType = sourcecode.c.objc; path = ASIInputStream.m; sourceTree = "<group>"; };
		13F809A11858C158008C9080 /* ASINetworkQueue.h */ = {isa = PBXFileReference; fileEncoding = 4; lastKnownFileType = sourcecode.c.h; path = ASINetworkQueue.h; sourceTree = "<group>"; };
		13F809A21858C158008C9080 /* ASINetworkQueue.m */ = {isa = PBXFileReference; fileEncoding = 4; lastKnownFileType = sourcecode.c.objc; path = ASINetworkQueue.m; sourceTree = "<group>"; };
		13F809A31858C158008C9080 /* ASIProgressDelegate.h */ = {isa = PBXFileReference; fileEncoding = 4; lastKnownFileType = sourcecode.c.h; path = ASIProgressDelegate.h; sourceTree = "<group>"; };
		13F809AD1858C989008C9080 /* JSON.h */ = {isa = PBXFileReference; fileEncoding = 4; lastKnownFileType = sourcecode.c.h; path = JSON.h; sourceTree = "<group>"; };
		13F809AE1858C989008C9080 /* NSObject+SBJSON.h */ = {isa = PBXFileReference; fileEncoding = 4; lastKnownFileType = sourcecode.c.h; path = "NSObject+SBJSON.h"; sourceTree = "<group>"; };
		13F809AF1858C989008C9080 /* NSObject+SBJSON.m */ = {isa = PBXFileReference; fileEncoding = 4; lastKnownFileType = sourcecode.c.objc; path = "NSObject+SBJSON.m"; sourceTree = "<group>"; };
		13F809B01858C989008C9080 /* NSString+SBJSON.h */ = {isa = PBXFileReference; fileEncoding = 4; lastKnownFileType = sourcecode.c.h; path = "NSString+SBJSON.h"; sourceTree = "<group>"; };
		13F809B11858C989008C9080 /* NSString+SBJSON.m */ = {isa = PBXFileReference; fileEncoding = 4; lastKnownFileType = sourcecode.c.objc; path = "NSString+SBJSON.m"; sourceTree = "<group>"; };
		13F809B21858C989008C9080 /* SBJSON.h */ = {isa = PBXFileReference; fileEncoding = 4; lastKnownFileType = sourcecode.c.h; path = SBJSON.h; sourceTree = "<group>"; };
		13F809B31858C989008C9080 /* SBJSON.m */ = {isa = PBXFileReference; fileEncoding = 4; lastKnownFileType = sourcecode.c.objc; path = SBJSON.m; sourceTree = "<group>"; };
		13F809B41858C989008C9080 /* SBJsonBase.h */ = {isa = PBXFileReference; fileEncoding = 4; lastKnownFileType = sourcecode.c.h; path = SBJsonBase.h; sourceTree = "<group>"; };
		13F809B51858C989008C9080 /* SBJsonBase.m */ = {isa = PBXFileReference; fileEncoding = 4; lastKnownFileType = sourcecode.c.objc; path = SBJsonBase.m; sourceTree = "<group>"; };
		13F809B61858C989008C9080 /* SBJsonParser.h */ = {isa = PBXFileReference; fileEncoding = 4; lastKnownFileType = sourcecode.c.h; path = SBJsonParser.h; sourceTree = "<group>"; };
		13F809B71858C989008C9080 /* SBJsonParser.m */ = {isa = PBXFileReference; fileEncoding = 4; lastKnownFileType = sourcecode.c.objc; path = SBJsonParser.m; sourceTree = "<group>"; };
		13F809B81858C989008C9080 /* SBJsonWriter.h */ = {isa = PBXFileReference; fileEncoding = 4; lastKnownFileType = sourcecode.c.h; path = SBJsonWriter.h; sourceTree = "<group>"; };
		13F809B91858C989008C9080 /* SBJsonWriter.m */ = {isa = PBXFileReference; fileEncoding = 4; lastKnownFileType = sourcecode.c.objc; path = SBJsonWriter.m; sourceTree = "<group>"; };
		13F809C11858CD67008C9080 /* Reachability.h */ = {isa = PBXFileReference; fileEncoding = 4; lastKnownFileType = sourcecode.c.h; path = Reachability.h; sourceTree = "<group>"; };
		13F809C21858CD67008C9080 /* Reachability.m */ = {isa = PBXFileReference; fileEncoding = 4; lastKnownFileType = sourcecode.c.objc; path = Reachability.m; sourceTree = "<group>"; };
		13F809C41858CE18008C9080 /* CFNetwork.framework */ = {isa = PBXFileReference; lastKnownFileType = wrapper.framework; name = CFNetwork.framework; path = System/Library/Frameworks/CFNetwork.framework; sourceTree = SDKROOT; };
		13F809C71858CF09008C9080 /* SystemConfiguration.framework */ = {isa = PBXFileReference; lastKnownFileType = wrapper.framework; name = SystemConfiguration.framework; path = System/Library/Frameworks/SystemConfiguration.framework; sourceTree = SDKROOT; };
		13F809C91858CF11008C9080 /* MobileCoreServices.framework */ = {isa = PBXFileReference; lastKnownFileType = wrapper.framework; name = MobileCoreServices.framework; path = System/Library/Frameworks/MobileCoreServices.framework; sourceTree = SDKROOT; };
		13F809CB1858CF19008C9080 /* libz.dylib */ = {isa = PBXFileReference; lastKnownFileType = "compiled.mach-o.dylib"; name = libz.dylib; path = usr/lib/libz.dylib; sourceTree = SDKROOT; };
		13F809CD1858D4AD008C9080 /* zh-Hans */ = {isa = PBXFileReference; lastKnownFileType = text.plist.strings; name = "zh-Hans"; path = "zh-Hans.lproj/InfoPlist.strings"; sourceTree = "<group>"; };
		13F809CE1858D4AD008C9080 /* zh-Hans */ = {isa = PBXFileReference; lastKnownFileType = text.plist.strings; name = "zh-Hans"; path = "zh-Hans.lproj/InfoPlist.strings"; sourceTree = "<group>"; };
		2794D5FD18584975003FA866 /* StartViewController.h */ = {isa = PBXFileReference; fileEncoding = 4; lastKnownFileType = sourcecode.c.h; path = StartViewController.h; sourceTree = "<group>"; };
		2794D5FE18584975003FA866 /* StartViewController.m */ = {isa = PBXFileReference; fileEncoding = 4; lastKnownFileType = sourcecode.c.objc; path = StartViewController.m; sourceTree = "<group>"; };
		2794D60418585302003FA866 /* WeatherView.h */ = {isa = PBXFileReference; fileEncoding = 4; lastKnownFileType = sourcecode.c.h; path = WeatherView.h; sourceTree = "<group>"; };
		2794D60518585302003FA866 /* WeatherView.m */ = {isa = PBXFileReference; fileEncoding = 4; lastKnownFileType = sourcecode.c.objc; path = WeatherView.m; sourceTree = "<group>"; };
		2794D60718585E4D003FA866 /* UIScreenEx.h */ = {isa = PBXFileReference; fileEncoding = 4; lastKnownFileType = sourcecode.c.h; path = UIScreenEx.h; sourceTree = "<group>"; };
		2794D60818585E4D003FA866 /* UIScreenEx.mm */ = {isa = PBXFileReference; fileEncoding = 4; lastKnownFileType = sourcecode.cpp.objcpp; path = UIScreenEx.mm; sourceTree = "<group>"; };
		2794D60A185872D1003FA866 /* RNTimer.h */ = {isa = PBXFileReference; fileEncoding = 4; lastKnownFileType = sourcecode.c.h; path = RNTimer.h; sourceTree = "<group>"; };
		2794D60B185872D5003FA866 /* RNTimer.m */ = {isa = PBXFileReference; fileEncoding = 4; lastKnownFileType = sourcecode.c.objc; path = RNTimer.m; sourceTree = "<group>"; };
		2794D61318588578003FA866 /* CoreLocation.framework */ = {isa = PBXFileReference; lastKnownFileType = wrapper.framework; name = CoreLocation.framework; path = System/Library/Frameworks/CoreLocation.framework; sourceTree = SDKROOT; };
		2794D618185966D6003FA866 /* CityManager.h */ = {isa = PBXFileReference; fileEncoding = 4; lastKnownFileType = sourcecode.c.h; path = CityManager.h; sourceTree = "<group>"; };
		2794D619185966D6003FA866 /* CityManager.m */ = {isa = PBXFileReference; fileEncoding = 4; lastKnownFileType = sourcecode.c.objc; path = CityManager.m; sourceTree = "<group>"; };
		2794D61B1859709E003FA866 /* CityManagerTest.m */ = {isa = PBXFileReference; fileEncoding = 4; lastKnownFileType = sourcecode.c.objc; path = CityManagerTest.m; sourceTree = "<group>"; };
		2794D61D1859AFC3003FA866 /* 造字工房悦黑细体.otf */ = {isa = PBXFileReference; lastKnownFileType = file; path = "造字工房悦黑细体.otf"; sourceTree = "<group>"; };
		2794D61F1859AFDA003FA866 /* Roboto-Thin.ttf */ = {isa = PBXFileReference; lastKnownFileType = file; path = "Roboto-Thin.ttf"; sourceTree = "<group>"; };
		2794D6321859D519003FA866 /* DoubleColorView.h */ = {isa = PBXFileReference; fileEncoding = 4; lastKnownFileType = sourcecode.c.h; path = DoubleColorView.h; sourceTree = "<group>"; };
		2794D6331859D519003FA866 /* DoubleColorView.m */ = {isa = PBXFileReference; fileEncoding = 4; lastKnownFileType = sourcecode.c.objc; path = DoubleColorView.m; sourceTree = "<group>"; };
		2794D638185B1A6F003FA866 /* SwipeButton.h */ = {isa = PBXFileReference; fileEncoding = 4; lastKnownFileType = sourcecode.c.h; path = SwipeButton.h; sourceTree = "<group>"; };
		2794D639185B1A6F003FA866 /* SwipeButton.m */ = {isa = PBXFileReference; fileEncoding = 4; lastKnownFileType = sourcecode.c.objc; path = SwipeButton.m; sourceTree = "<group>"; };
		940053861861D4CD00940BBB /* SettingViewController.h */ = {isa = PBXFileReference; fileEncoding = 4; lastKnownFileType = sourcecode.c.h; path = SettingViewController.h; sourceTree = "<group>"; };
		940053871861D4CD00940BBB /* SettingViewController.m */ = {isa = PBXFileReference; fileEncoding = 4; lastKnownFileType = sourcecode.c.objc; path = SettingViewController.m; sourceTree = "<group>"; };
		940053891861D8BA00940BBB /* BaseViewController.h */ = {isa = PBXFileReference; fileEncoding = 4; lastKnownFileType = sourcecode.c.h; path = BaseViewController.h; sourceTree = "<group>"; };
		9400538A1861D8BA00940BBB /* BaseViewController.m */ = {isa = PBXFileReference; fileEncoding = 4; lastKnownFileType = sourcecode.c.objc; path = BaseViewController.m; sourceTree = "<group>"; };
		9400538C1861E07400940BBB /* ShakeViewController.h */ = {isa = PBXFileReference; fileEncoding = 4; lastKnownFileType = sourcecode.c.h; path = ShakeViewController.h; sourceTree = "<group>"; };
		9400538D1861E07400940BBB /* ShakeViewController.m */ = {isa = PBXFileReference; fileEncoding = 4; lastKnownFileType = sourcecode.c.objc; path = ShakeViewController.m; sourceTree = "<group>"; };
		9400538F1861E17600940BBB /* Utils.h */ = {isa = PBXFileReference; fileEncoding = 4; lastKnownFileType = sourcecode.c.h; path = Utils.h; sourceTree = "<group>"; };
		940053901861E17600940BBB /* Utils.m */ = {isa = PBXFileReference; fileEncoding = 4; lastKnownFileType = sourcecode.c.objc; path = Utils.m; sourceTree = "<group>"; };
		940535201871CCA2008317B3 /* AMBlurView.h */ = {isa = PBXFileReference; fileEncoding = 4; lastKnownFileType = sourcecode.c.h; path = AMBlurView.h; sourceTree = "<group>"; };
		940535211871CCA2008317B3 /* AMBlurView.m */ = {isa = PBXFileReference; fileEncoding = 4; lastKnownFileType = sourcecode.c.objc; path = AMBlurView.m; sourceTree = "<group>"; };
		9405352518727652008317B3 /* IZValueSelectorView.h */ = {isa = PBXFileReference; fileEncoding = 4; lastKnownFileType = sourcecode.c.h; path = IZValueSelectorView.h; sourceTree = "<group>"; };
		9405352618727652008317B3 /* IZValueSelectorView.m */ = {isa = PBXFileReference; fileEncoding = 4; lastKnownFileType = sourcecode.c.objc; path = IZValueSelectorView.m; sourceTree = "<group>"; };
		9421FEB3187A547800260FA8 /* CPMotionRecognizingWindow.h */ = {isa = PBXFileReference; fileEncoding = 4; lastKnownFileType = sourcecode.c.h; path = CPMotionRecognizingWindow.h; sourceTree = "<group>"; };
		9421FEB4187A547800260FA8 /* CPMotionRecognizingWindow.m */ = {isa = PBXFileReference; fileEncoding = 4; lastKnownFileType = sourcecode.c.objc; path = CPMotionRecognizingWindow.m; sourceTree = "<group>"; };
		9421FEB5187A547800260FA8 /* UIResponder+MotionRecognizers.h */ = {isa = PBXFileReference; fileEncoding = 4; lastKnownFileType = sourcecode.c.h; path = "UIResponder+MotionRecognizers.h"; sourceTree = "<group>"; };
		9421FEB6187A547800260FA8 /* UIResponder+MotionRecognizers.m */ = {isa = PBXFileReference; fileEncoding = 4; lastKnownFileType = sourcecode.c.objc; path = "UIResponder+MotionRecognizers.m"; sourceTree = "<group>"; };
		9421FEBA187A7FAA00260FA8 /* KDGoalBar.h */ = {isa = PBXFileReference; fileEncoding = 4; lastKnownFileType = sourcecode.c.h; path = KDGoalBar.h; sourceTree = "<group>"; };
		9421FEBB187A7FAA00260FA8 /* KDGoalBar.m */ = {isa = PBXFileReference; fileEncoding = 4; lastKnownFileType = sourcecode.c.objc; path = KDGoalBar.m; sourceTree = "<group>"; };
		9421FEBC187A7FAA00260FA8 /* KDGoalBarPercentLayer.h */ = {isa = PBXFileReference; fileEncoding = 4; lastKnownFileType = sourcecode.c.h; path = KDGoalBarPercentLayer.h; sourceTree = "<group>"; };
		9421FEBD187A7FAA00260FA8 /* KDGoalBarPercentLayer.m */ = {isa = PBXFileReference; fileEncoding = 4; lastKnownFileType = sourcecode.c.objc; path = KDGoalBarPercentLayer.m; sourceTree = "<group>"; };
		9421FEC0187A906400260FA8 /* music.aac */ = {isa = PBXFileReference; lastKnownFileType = file; path = music.aac; sourceTree = "<group>"; };
		94483371185449F300584592 /* Wakeup.app */ = {isa = PBXFileReference; explicitFileType = wrapper.application; includeInIndex = 0; path = Wakeup.app; sourceTree = BUILT_PRODUCTS_DIR; };
		94483374185449F300584592 /* Foundation.framework */ = {isa = PBXFileReference; lastKnownFileType = wrapper.framework; name = Foundation.framework; path = System/Library/Frameworks/Foundation.framework; sourceTree = SDKROOT; };
		94483376185449F300584592 /* CoreGraphics.framework */ = {isa = PBXFileReference; lastKnownFileType = wrapper.framework; name = CoreGraphics.framework; path = System/Library/Frameworks/CoreGraphics.framework; sourceTree = SDKROOT; };
		94483378185449F300584592 /* UIKit.framework */ = {isa = PBXFileReference; lastKnownFileType = wrapper.framework; name = UIKit.framework; path = System/Library/Frameworks/UIKit.framework; sourceTree = SDKROOT; };
		9448337C185449F300584592 /* Wakeup-Info.plist */ = {isa = PBXFileReference; lastKnownFileType = text.plist.xml; path = "Wakeup-Info.plist"; sourceTree = "<group>"; };
		9448337E185449F300584592 /* en */ = {isa = PBXFileReference; lastKnownFileType = text.plist.strings; name = en; path = en.lproj/InfoPlist.strings; sourceTree = "<group>"; };
		94483380185449F300584592 /* main.m */ = {isa = PBXFileReference; lastKnownFileType = sourcecode.c.objc; path = main.m; sourceTree = "<group>"; };
		94483382185449F300584592 /* Wakeup-Prefix.pch */ = {isa = PBXFileReference; lastKnownFileType = sourcecode.c.h; path = "Wakeup-Prefix.pch"; sourceTree = "<group>"; };
		94483383185449F300584592 /* AppDelegate.h */ = {isa = PBXFileReference; lastKnownFileType = sourcecode.c.h; path = AppDelegate.h; sourceTree = "<group>"; };
		94483384185449F300584592 /* AppDelegate.m */ = {isa = PBXFileReference; lastKnownFileType = sourcecode.c.objc; path = AppDelegate.m; sourceTree = "<group>"; };
		9448338C185449F300584592 /* Images.xcassets */ = {isa = PBXFileReference; lastKnownFileType = folder.assetcatalog; path = Images.xcassets; sourceTree = "<group>"; };
		94483392185449F300584592 /* WakeupTests.xctest */ = {isa = PBXFileReference; explicitFileType = wrapper.cfbundle; includeInIndex = 0; path = WakeupTests.xctest; sourceTree = BUILT_PRODUCTS_DIR; };
		94483393185449F300584592 /* XCTest.framework */ = {isa = PBXFileReference; lastKnownFileType = wrapper.framework; name = XCTest.framework; path = Library/Frameworks/XCTest.framework; sourceTree = DEVELOPER_DIR; };
		9448339B185449F300584592 /* WakeupTests-Info.plist */ = {isa = PBXFileReference; lastKnownFileType = text.plist.xml; path = "WakeupTests-Info.plist"; sourceTree = "<group>"; };
		9448339D185449F300584592 /* en */ = {isa = PBXFileReference; lastKnownFileType = text.plist.strings; name = en; path = en.lproj/InfoPlist.strings; sourceTree = "<group>"; };
		9448339F185449F300584592 /* WakeupTests.m */ = {isa = PBXFileReference; lastKnownFileType = sourcecode.c.objc; path = WakeupTests.m; sourceTree = "<group>"; };
		944833AD18544CC800584592 /* NSString+ForJava.h */ = {isa = PBXFileReference; fileEncoding = 4; lastKnownFileType = sourcecode.c.h; path = "NSString+ForJava.h"; sourceTree = "<group>"; };
		944833AE18544CC800584592 /* NSString+ForJava.m */ = {isa = PBXFileReference; fileEncoding = 4; lastKnownFileType = sourcecode.c.objc; path = "NSString+ForJava.m"; sourceTree = "<group>"; };
		944833B218544CDE00584592 /* Config.h */ = {isa = PBXFileReference; fileEncoding = 4; lastKnownFileType = sourcecode.c.h; path = Config.h; sourceTree = "<group>"; };
		944833B318544CDE00584592 /* Config.m */ = {isa = PBXFileReference; fileEncoding = 4; lastKnownFileType = sourcecode.c.objc; path = Config.m; sourceTree = "<group>"; };
		9489F9F0186C6A77002ED639 /* libWeChatSDK.a */ = {isa = PBXFileReference; lastKnownFileType = archive.ar; path = libWeChatSDK.a; sourceTree = "<group>"; };
		9489F9F1186C6A77002ED639 /* WXApi.h */ = {isa = PBXFileReference; fileEncoding = 4; lastKnownFileType = sourcecode.c.h; path = WXApi.h; sourceTree = "<group>"; };
		9489F9F2186C6A77002ED639 /* WXApiObject.h */ = {isa = PBXFileReference; fileEncoding = 4; lastKnownFileType = sourcecode.c.h; path = WXApiObject.h; sourceTree = "<group>"; };
		9489F9F4186D0AAC002ED639 /* ShareViewController.h */ = {isa = PBXFileReference; fileEncoding = 4; lastKnownFileType = sourcecode.c.h; path = ShareViewController.h; sourceTree = "<group>"; };
		9489F9F5186D0AAC002ED639 /* ShareViewController.m */ = {isa = PBXFileReference; fileEncoding = 4; lastKnownFileType = sourcecode.c.objc; path = ShareViewController.m; sourceTree = "<group>"; };
		94EFC395187C36E400457310 /* TTCounterLabel.h */ = {isa = PBXFileReference; fileEncoding = 4; lastKnownFileType = sourcecode.c.h; path = TTCounterLabel.h; sourceTree = "<group>"; };
		94EFC396187C36E400457310 /* TTCounterLabel.m */ = {isa = PBXFileReference; fileEncoding = 4; lastKnownFileType = sourcecode.c.objc; path = TTCounterLabel.m; sourceTree = "<group>"; };
		94EFC398187C373500457310 /* TTTAttributedLabel.h */ = {isa = PBXFileReference; fileEncoding = 4; lastKnownFileType = sourcecode.c.h; path = TTTAttributedLabel.h; sourceTree = "<group>"; };
		94EFC399187C373500457310 /* TTTAttributedLabel.m */ = {isa = PBXFileReference; fileEncoding = 4; lastKnownFileType = sourcecode.c.objc; path = TTTAttributedLabel.m; sourceTree = "<group>"; };
/* End PBXFileReference section */

/* Begin PBXFrameworksBuildPhase section */
		9448336E185449F300584592 /* Frameworks */ = {
			isa = PBXFrameworksBuildPhase;
			buildActionMask = 2147483647;
			files = (
				13F809CC1858CF19008C9080 /* libz.dylib in Frameworks */,
				13F809CA1858CF11008C9080 /* MobileCoreServices.framework in Frameworks */,
				9489F9F3186C6A77002ED639 /* libWeChatSDK.a in Frameworks */,
				13F809C81858CF09008C9080 /* SystemConfiguration.framework in Frameworks */,
				13F809C51858CE18008C9080 /* CFNetwork.framework in Frameworks */,
				2794D61418588578003FA866 /* CoreLocation.framework in Frameworks */,
				94483377185449F300584592 /* CoreGraphics.framework in Frameworks */,
				94483379185449F300584592 /* UIKit.framework in Frameworks */,
				94483375185449F300584592 /* Foundation.framework in Frameworks */,
			);
			runOnlyForDeploymentPostprocessing = 0;
		};
		9448338F185449F300584592 /* Frameworks */ = {
			isa = PBXFrameworksBuildPhase;
			buildActionMask = 2147483647;
			files = (
				94483394185449F300584592 /* XCTest.framework in Frameworks */,
				94483396185449F300584592 /* UIKit.framework in Frameworks */,
				94483395185449F300584592 /* Foundation.framework in Frameworks */,
			);
			runOnlyForDeploymentPostprocessing = 0;
		};
/* End PBXFrameworksBuildPhase section */

/* Begin PBXGroup section */
		13F8098F1858C158008C9080 /* ASIHTTPRequest  */ = {
			isa = PBXGroup;
			children = (
				13F809901858C158008C9080 /* ASIAuthenticationDialog.h */,
				13F809911858C158008C9080 /* ASIAuthenticationDialog.m */,
				13F809921858C158008C9080 /* ASICacheDelegate.h */,
				13F809931858C158008C9080 /* ASIDataCompressor.h */,
				13F809941858C158008C9080 /* ASIDataCompressor.m */,
				13F809951858C158008C9080 /* ASIDataDecompressor.h */,
				13F809961858C158008C9080 /* ASIDataDecompressor.m */,
				13F809971858C158008C9080 /* ASIDownloadCache.h */,
				13F809981858C158008C9080 /* ASIDownloadCache.m */,
				13F809991858C158008C9080 /* ASIFormDataRequest.h */,
				13F8099A1858C158008C9080 /* ASIFormDataRequest.m */,
				13F8099B1858C158008C9080 /* ASIHTTPRequest.h */,
				13F8099C1858C158008C9080 /* ASIHTTPRequest.m */,
				13F8099D1858C158008C9080 /* ASIHTTPRequestConfig.h */,
				13F8099E1858C158008C9080 /* ASIHTTPRequestDelegate.h */,
				13F8099F1858C158008C9080 /* ASIInputStream.h */,
				13F809A01858C158008C9080 /* ASIInputStream.m */,
				13F809A11858C158008C9080 /* ASINetworkQueue.h */,
				13F809A21858C158008C9080 /* ASINetworkQueue.m */,
				13F809A31858C158008C9080 /* ASIProgressDelegate.h */,
			);
			path = "ASIHTTPRequest ";
			sourceTree = "<group>";
		};
		13F809AC1858C989008C9080 /* JSON-Kit */ = {
			isa = PBXGroup;
			children = (
				13F809AD1858C989008C9080 /* JSON.h */,
				13F809AE1858C989008C9080 /* NSObject+SBJSON.h */,
				13F809AF1858C989008C9080 /* NSObject+SBJSON.m */,
				13F809B01858C989008C9080 /* NSString+SBJSON.h */,
				13F809B11858C989008C9080 /* NSString+SBJSON.m */,
				13F809B21858C989008C9080 /* SBJSON.h */,
				13F809B31858C989008C9080 /* SBJSON.m */,
				13F809B41858C989008C9080 /* SBJsonBase.h */,
				13F809B51858C989008C9080 /* SBJsonBase.m */,
				13F809B61858C989008C9080 /* SBJsonParser.h */,
				13F809B71858C989008C9080 /* SBJsonParser.m */,
				13F809B81858C989008C9080 /* SBJsonWriter.h */,
				13F809B91858C989008C9080 /* SBJsonWriter.m */,
			);
			path = "JSON-Kit";
			sourceTree = "<group>";
		};
		13F809C01858CD67008C9080 /* Reachability */ = {
			isa = PBXGroup;
			children = (
				13F809C11858CD67008C9080 /* Reachability.h */,
				13F809C21858CD67008C9080 /* Reachability.m */,
			);
			path = Reachability;
			sourceTree = "<group>";
		};
		2794D60018584ADE003FA866 /* UI */ = {
			isa = PBXGroup;
			children = (
				94EFC394187C36D500457310 /* TimeLabel */,
				9405352418727632008317B3 /* CustomTimePicker */,
				940535231872761F008317B3 /* AMBlurView */,
				9421FEB9187A7F8100260FA8 /* CircleUI */,
				2794D60418585302003FA866 /* WeatherView.h */,
				2794D60518585302003FA866 /* WeatherView.m */,
				2794D638185B1A6F003FA866 /* SwipeButton.h */,
				2794D639185B1A6F003FA866 /* SwipeButton.m */,
				2794D6321859D519003FA866 /* DoubleColorView.h */,
				2794D6331859D519003FA866 /* DoubleColorView.m */,
				2794D60718585E4D003FA866 /* UIScreenEx.h */,
				2794D60818585E4D003FA866 /* UIScreenEx.mm */,
			);
			name = UI;
			sourceTree = "<group>";
		};
		940535231872761F008317B3 /* AMBlurView */ = {
			isa = PBXGroup;
			children = (
				940535201871CCA2008317B3 /* AMBlurView.h */,
				940535211871CCA2008317B3 /* AMBlurView.m */,
			);
			name = AMBlurView;
			sourceTree = "<group>";
		};
		9405352418727632008317B3 /* CustomTimePicker */ = {
			isa = PBXGroup;
			children = (
				9405352518727652008317B3 /* IZValueSelectorView.h */,
				9405352618727652008317B3 /* IZValueSelectorView.m */,
			);
			name = CustomTimePicker;
			sourceTree = "<group>";
		};
		9421FEB2187A542500260FA8 /* ShakeUtils */ = {
			isa = PBXGroup;
			children = (
				9421FEB3187A547800260FA8 /* CPMotionRecognizingWindow.h */,
				9421FEB4187A547800260FA8 /* CPMotionRecognizingWindow.m */,
				9421FEB5187A547800260FA8 /* UIResponder+MotionRecognizers.h */,
				9421FEB6187A547800260FA8 /* UIResponder+MotionRecognizers.m */,
			);
			name = ShakeUtils;
			sourceTree = "<group>";
		};
		9421FEB9187A7F8100260FA8 /* CircleUI */ = {
			isa = PBXGroup;
			children = (
				9421FEBA187A7FAA00260FA8 /* KDGoalBar.h */,
				9421FEBB187A7FAA00260FA8 /* KDGoalBar.m */,
				9421FEBC187A7FAA00260FA8 /* KDGoalBarPercentLayer.h */,
				9421FEBD187A7FAA00260FA8 /* KDGoalBarPercentLayer.m */,
			);
			name = CircleUI;
			sourceTree = "<group>";
		};
		94483368185449F300584592 = {
			isa = PBXGroup;
			children = (
				9448337A185449F300584592 /* Wakeup */,
				94483399185449F300584592 /* WakeupTests */,
				94483373185449F300584592 /* Frameworks */,
				94483372185449F300584592 /* Products */,
			);
			sourceTree = "<group>";
		};
		94483372185449F300584592 /* Products */ = {
			isa = PBXGroup;
			children = (
				94483371185449F300584592 /* Wakeup.app */,
				94483392185449F300584592 /* WakeupTests.xctest */,
			);
			name = Products;
			sourceTree = "<group>";
		};
		94483373185449F300584592 /* Frameworks */ = {
			isa = PBXGroup;
			children = (
				13F809CB1858CF19008C9080 /* libz.dylib */,
				13F809C91858CF11008C9080 /* MobileCoreServices.framework */,
				13F809C71858CF09008C9080 /* SystemConfiguration.framework */,
				13F809C41858CE18008C9080 /* CFNetwork.framework */,
				2794D61318588578003FA866 /* CoreLocation.framework */,
				94483374185449F300584592 /* Foundation.framework */,
				94483376185449F300584592 /* CoreGraphics.framework */,
				94483378185449F300584592 /* UIKit.framework */,
				94483393185449F300584592 /* XCTest.framework */,
			);
			name = Frameworks;
			sourceTree = "<group>";
		};
		9448337A185449F300584592 /* Wakeup */ = {
			isa = PBXGroup;
			children = (
				2794D60018584ADE003FA866 /* UI */,
				944833BD18544E8A00584592 /* Model */,
				944833B818544D4D00584592 /* Libs */,
				944833AA18544C7300584592 /* Utilities */,
				944833A918544C5100584592 /* ViewController */,
				94483383185449F300584592 /* AppDelegate.h */,
				94483384185449F300584592 /* AppDelegate.m */,
				9448338C185449F300584592 /* Images.xcassets */,
				9448337B185449F300584592 /* Supporting Files */,
			);
			path = Wakeup;
			sourceTree = "<group>";
		};
		9448337B185449F300584592 /* Supporting Files */ = {
			isa = PBXGroup;
			children = (
				9421FEC0187A906400260FA8 /* music.aac */,
				2794D61D1859AFC3003FA866 /* 造字工房悦黑细体.otf */,
				2794D61F1859AFDA003FA866 /* Roboto-Thin.ttf */,
				13F8098D1858BD07008C9080 /* city.plist */,
				9448337C185449F300584592 /* Wakeup-Info.plist */,
				9448337D185449F300584592 /* InfoPlist.strings */,
				94483380185449F300584592 /* main.m */,
				94483382185449F300584592 /* Wakeup-Prefix.pch */,
			);
			name = "Supporting Files";
			sourceTree = "<group>";
		};
		94483399185449F300584592 /* WakeupTests */ = {
			isa = PBXGroup;
			children = (
				9448339F185449F300584592 /* WakeupTests.m */,
				2794D61B1859709E003FA866 /* CityManagerTest.m */,
				9448339A185449F300584592 /* Supporting Files */,
			);
			path = WakeupTests;
			sourceTree = "<group>";
		};
		9448339A185449F300584592 /* Supporting Files */ = {
			isa = PBXGroup;
			children = (
				9448339B185449F300584592 /* WakeupTests-Info.plist */,
				9448339C185449F300584592 /* InfoPlist.strings */,
			);
			name = "Supporting Files";
			sourceTree = "<group>";
		};
		944833A918544C5100584592 /* ViewController */ = {
			isa = PBXGroup;
			children = (
				940053891861D8BA00940BBB /* BaseViewController.h */,
				9400538A1861D8BA00940BBB /* BaseViewController.m */,
				2794D5FD18584975003FA866 /* StartViewController.h */,
				2794D5FE18584975003FA866 /* StartViewController.m */,
				940053861861D4CD00940BBB /* SettingViewController.h */,
				940053871861D4CD00940BBB /* SettingViewController.m */,
				9400538C1861E07400940BBB /* ShakeViewController.h */,
				9400538D1861E07400940BBB /* ShakeViewController.m */,
				9489F9F4186D0AAC002ED639 /* ShareViewController.h */,
				9489F9F5186D0AAC002ED639 /* ShareViewController.m */,
			);
			name = ViewController;
			sourceTree = "<group>";
		};
		944833AA18544C7300584592 /* Utilities */ = {
			isa = PBXGroup;
			children = (
				9421FEB2187A542500260FA8 /* ShakeUtils */,
				944833B218544CDE00584592 /* Config.h */,
				944833B318544CDE00584592 /* Config.m */,
				944833AD18544CC800584592 /* NSString+ForJava.h */,
				944833AE18544CC800584592 /* NSString+ForJava.m */,
				9400538F1861E17600940BBB /* Utils.h */,
				940053901861E17600940BBB /* Utils.m */,
			);
			name = Utilities;
			sourceTree = "<group>";
		};
		944833B818544D4D00584592 /* Libs */ = {
			isa = PBXGroup;
			children = (
				9489F9EF186C6A62002ED639 /* WeChat */,
				13F809C01858CD67008C9080 /* Reachability */,
				13F809AC1858C989008C9080 /* JSON-Kit */,
				13F8098F1858C158008C9080 /* ASIHTTPRequest  */,
				2794D60A185872D1003FA866 /* RNTimer.h */,
				2794D60B185872D5003FA866 /* RNTimer.m */,
			);
			name = Libs;
			sourceTree = "<group>";
		};
		944833BD18544E8A00584592 /* Model */ = {
			isa = PBXGroup;
			children = (
				2794D618185966D6003FA866 /* CityManager.h */,
				2794D619185966D6003FA866 /* CityManager.m */,
			);
			name = Model;
			sourceTree = "<group>";
		};
		9489F9EF186C6A62002ED639 /* WeChat */ = {
			isa = PBXGroup;
			children = (
				9489F9F0186C6A77002ED639 /* libWeChatSDK.a */,
				9489F9F1186C6A77002ED639 /* WXApi.h */,
				9489F9F2186C6A77002ED639 /* WXApiObject.h */,
			);
			name = WeChat;
			sourceTree = "<group>";
		};
		94EFC394187C36D500457310 /* TimeLabel */ = {
			isa = PBXGroup;
			children = (
				94EFC398187C373500457310 /* TTTAttributedLabel.h */,
				94EFC399187C373500457310 /* TTTAttributedLabel.m */,
				94EFC395187C36E400457310 /* TTCounterLabel.h */,
				94EFC396187C36E400457310 /* TTCounterLabel.m */,
			);
			name = TimeLabel;
			sourceTree = "<group>";
		};
/* End PBXGroup section */

/* Begin PBXNativeTarget section */
		94483370185449F300584592 /* Wakeup */ = {
			isa = PBXNativeTarget;
			buildConfigurationList = 944833A3185449F300584592 /* Build configuration list for PBXNativeTarget "Wakeup" */;
			buildPhases = (
				9448336D185449F300584592 /* Sources */,
				9448336E185449F300584592 /* Frameworks */,
				9448336F185449F300584592 /* Resources */,
			);
			buildRules = (
			);
			dependencies = (
			);
			name = Wakeup;
			productName = Wakeup;
			productReference = 94483371185449F300584592 /* Wakeup.app */;
			productType = "com.apple.product-type.application";
		};
		94483391185449F300584592 /* WakeupTests */ = {
			isa = PBXNativeTarget;
			buildConfigurationList = 944833A6185449F300584592 /* Build configuration list for PBXNativeTarget "WakeupTests" */;
			buildPhases = (
				9448338E185449F300584592 /* Sources */,
				9448338F185449F300584592 /* Frameworks */,
				94483390185449F300584592 /* Resources */,
			);
			buildRules = (
			);
			dependencies = (
				94483398185449F300584592 /* PBXTargetDependency */,
			);
			name = WakeupTests;
			productName = WakeupTests;
			productReference = 94483392185449F300584592 /* WakeupTests.xctest */;
			productType = "com.apple.product-type.bundle.unit-test";
		};
/* End PBXNativeTarget section */

/* Begin PBXProject section */
		94483369185449F300584592 /* Project object */ = {
			isa = PBXProject;
			attributes = {
				LastUpgradeCheck = 0500;
				ORGANIZATIONNAME = EricssonLabs;
				TargetAttributes = {
					94483370185449F300584592 = {
						DevelopmentTeam = 9H3V4G768E;
					};
					94483391185449F300584592 = {
						TestTargetID = 94483370185449F300584592;
					};
				};
			};
			buildConfigurationList = 9448336C185449F300584592 /* Build configuration list for PBXProject "Wakeup" */;
			compatibilityVersion = "Xcode 3.2";
			developmentRegion = English;
			hasScannedForEncodings = 0;
			knownRegions = (
				en,
				Base,
				"zh-Hans",
			);
			mainGroup = 94483368185449F300584592;
			productRefGroup = 94483372185449F300584592 /* Products */;
			projectDirPath = "";
			projectRoot = "";
			targets = (
				94483370185449F300584592 /* Wakeup */,
				94483391185449F300584592 /* WakeupTests */,
			);
		};
/* End PBXProject section */

/* Begin PBXResourcesBuildPhase section */
		9448336F185449F300584592 /* Resources */ = {
			isa = PBXResourcesBuildPhase;
			buildActionMask = 2147483647;
			files = (
				13F8098E1858BD07008C9080 /* city.plist in Resources */,
				9448338D185449F300584592 /* Images.xcassets in Resources */,
				2794D61E1859AFC4003FA866 /* 造字工房悦黑细体.otf in Resources */,
				2794D6201859AFDA003FA866 /* Roboto-Thin.ttf in Resources */,
				9448337F185449F300584592 /* InfoPlist.strings in Resources */,
				9421FEC1187A906400260FA8 /* music.aac in Resources */,
			);
			runOnlyForDeploymentPostprocessing = 0;
		};
		94483390185449F300584592 /* Resources */ = {
			isa = PBXResourcesBuildPhase;
			buildActionMask = 2147483647;
			files = (
				9448339E185449F300584592 /* InfoPlist.strings in Resources */,
			);
			runOnlyForDeploymentPostprocessing = 0;
		};
/* End PBXResourcesBuildPhase section */

/* Begin PBXSourcesBuildPhase section */
		9448336D185449F300584592 /* Sources */ = {
			isa = PBXSourcesBuildPhase;
			buildActionMask = 2147483647;
			files = (
				9405352718727652008317B3 /* IZValueSelectorView.m in Sources */,
				13F809BE1858C989008C9080 /* SBJsonParser.m in Sources */,
				13F809A51858C158008C9080 /* ASIDataCompressor.m in Sources */,
				944833B418544CDE00584592 /* Config.m in Sources */,
				9421FEB7187A547800260FA8 /* CPMotionRecognizingWindow.m in Sources */,
				940053911861E17600940BBB /* Utils.m in Sources */,
				9421FEBF187A7FAA00260FA8 /* KDGoalBarPercentLayer.m in Sources */,
				13F809BA1858C989008C9080 /* NSObject+SBJSON.m in Sources */,
				940535221871CCA2008317B3 /* AMBlurView.m in Sources */,
				13F809A81858C158008C9080 /* ASIFormDataRequest.m in Sources */,
				9421FEBE187A7FAA00260FA8 /* KDGoalBar.m in Sources */,
				9400538B1861D8BA00940BBB /* BaseViewController.m in Sources */,
				940053881861D4CD00940BBB /* SettingViewController.m in Sources */,
				13F809A71858C158008C9080 /* ASIDownloadCache.m in Sources */,
				2794D60618585302003FA866 /* WeatherView.m in Sources */,
				94EFC397187C36E400457310 /* TTCounterLabel.m in Sources */,
				944833AF18544CC800584592 /* NSString+ForJava.m in Sources */,
				2794D63A185B1A6F003FA866 /* SwipeButton.m in Sources */,
				2794D5FF18584975003FA866 /* StartViewController.m in Sources */,
				13F809A41858C158008C9080 /* ASIAuthenticationDialog.m in Sources */,
				13F809AB1858C158008C9080 /* ASINetworkQueue.m in Sources */,
				13F809BB1858C989008C9080 /* NSString+SBJSON.m in Sources */,
				2794D61A185966D6003FA866 /* CityManager.m in Sources */,
				9421FEB8187A547800260FA8 /* UIResponder+MotionRecognizers.m in Sources */,
				2794D6341859D519003FA866 /* DoubleColorView.m in Sources */,
				9489F9F6186D0AAC002ED639 /* ShareViewController.m in Sources */,
				94483385185449F300584592 /* AppDelegate.m in Sources */,
				13F809BF1858C989008C9080 /* SBJsonWriter.m in Sources */,
				2794D60C185872D5003FA866 /* RNTimer.m in Sources */,
				13F809A61858C158008C9080 /* ASIDataDecompressor.m in Sources */,
				13F809AA1858C158008C9080 /* ASIInputStream.m in Sources */,
				13F809C31858CD67008C9080 /* Reachability.m in Sources */,
				13F809BC1858C989008C9080 /* SBJSON.m in Sources */,
				9400538E1861E07400940BBB /* ShakeViewController.m in Sources */,
				13F809A91858C158008C9080 /* ASIHTTPRequest.m in Sources */,
				13F809BD1858C989008C9080 /* SBJsonBase.m in Sources */,
				94483381185449F300584592 /* main.m in Sources */,
				2794D60918585E4D003FA866 /* UIScreenEx.mm in Sources */,
				94EFC39A187C373500457310 /* TTTAttributedLabel.m in Sources */,
			);
			runOnlyForDeploymentPostprocessing = 0;
		};
		9448338E185449F300584592 /* Sources */ = {
			isa = PBXSourcesBuildPhase;
			buildActionMask = 2147483647;
			files = (
				2794D61C1859709E003FA866 /* CityManagerTest.m in Sources */,
				944833A0185449F300584592 /* WakeupTests.m in Sources */,
			);
			runOnlyForDeploymentPostprocessing = 0;
		};
/* End PBXSourcesBuildPhase section */

/* Begin PBXTargetDependency section */
		94483398185449F300584592 /* PBXTargetDependency */ = {
			isa = PBXTargetDependency;
			target = 94483370185449F300584592 /* Wakeup */;
			targetProxy = 94483397185449F300584592 /* PBXContainerItemProxy */;
		};
/* End PBXTargetDependency section */

/* Begin PBXVariantGroup section */
		9448337D185449F300584592 /* InfoPlist.strings */ = {
			isa = PBXVariantGroup;
			children = (
				9448337E185449F300584592 /* en */,
				13F809CD1858D4AD008C9080 /* zh-Hans */,
			);
			name = InfoPlist.strings;
			sourceTree = "<group>";
		};
		9448339C185449F300584592 /* InfoPlist.strings */ = {
			isa = PBXVariantGroup;
			children = (
				9448339D185449F300584592 /* en */,
				13F809CE1858D4AD008C9080 /* zh-Hans */,
			);
			name = InfoPlist.strings;
			sourceTree = "<group>";
		};
/* End PBXVariantGroup section */

/* Begin XCBuildConfiguration section */
		944833A1185449F300584592 /* Debug */ = {
			isa = XCBuildConfiguration;
			buildSettings = {
				ALWAYS_SEARCH_USER_PATHS = NO;
				ARCHS = "$(ARCHS_STANDARD_INCLUDING_64_BIT)";
				CLANG_CXX_LANGUAGE_STANDARD = "gnu++0x";
				CLANG_CXX_LIBRARY = "libc++";
				CLANG_ENABLE_MODULES = YES;
				CLANG_ENABLE_OBJC_ARC = YES;
				CLANG_WARN_BOOL_CONVERSION = YES;
				CLANG_WARN_CONSTANT_CONVERSION = YES;
				CLANG_WARN_DIRECT_OBJC_ISA_USAGE = YES_ERROR;
				CLANG_WARN_EMPTY_BODY = YES;
				CLANG_WARN_ENUM_CONVERSION = YES;
				CLANG_WARN_INT_CONVERSION = YES;
				CLANG_WARN_OBJC_ROOT_CLASS = YES_ERROR;
				CLANG_WARN__DUPLICATE_METHOD_MATCH = YES;
				"CODE_SIGN_IDENTITY[sdk=iphoneos*]" = "iPhone Developer";
				COPY_PHASE_STRIP = NO;
				GCC_C_LANGUAGE_STANDARD = gnu99;
				GCC_DYNAMIC_NO_PIC = NO;
				GCC_OPTIMIZATION_LEVEL = 0;
				GCC_PREPROCESSOR_DEFINITIONS = (
					"DEBUG=1",
					"$(inherited)",
				);
				GCC_SYMBOLS_PRIVATE_EXTERN = NO;
				GCC_WARN_64_TO_32_BIT_CONVERSION = YES;
				GCC_WARN_ABOUT_RETURN_TYPE = YES_ERROR;
				GCC_WARN_UNDECLARED_SELECTOR = YES;
				GCC_WARN_UNINITIALIZED_AUTOS = YES;
				GCC_WARN_UNUSED_FUNCTION = YES;
				GCC_WARN_UNUSED_VARIABLE = YES;
				IPHONEOS_DEPLOYMENT_TARGET = 6.0;
				ONLY_ACTIVE_ARCH = YES;
				SDKROOT = iphoneos;
			};
			name = Debug;
		};
		944833A2185449F300584592 /* Release */ = {
			isa = XCBuildConfiguration;
			buildSettings = {
				ALWAYS_SEARCH_USER_PATHS = NO;
				ARCHS = "$(ARCHS_STANDARD_INCLUDING_64_BIT)";
				CLANG_CXX_LANGUAGE_STANDARD = "gnu++0x";
				CLANG_CXX_LIBRARY = "libc++";
				CLANG_ENABLE_MODULES = YES;
				CLANG_ENABLE_OBJC_ARC = YES;
				CLANG_WARN_BOOL_CONVERSION = YES;
				CLANG_WARN_CONSTANT_CONVERSION = YES;
				CLANG_WARN_DIRECT_OBJC_ISA_USAGE = YES_ERROR;
				CLANG_WARN_EMPTY_BODY = YES;
				CLANG_WARN_ENUM_CONVERSION = YES;
				CLANG_WARN_INT_CONVERSION = YES;
				CLANG_WARN_OBJC_ROOT_CLASS = YES_ERROR;
				CLANG_WARN__DUPLICATE_METHOD_MATCH = YES;
				"CODE_SIGN_IDENTITY[sdk=iphoneos*]" = "iPhone Developer";
				COPY_PHASE_STRIP = YES;
				ENABLE_NS_ASSERTIONS = NO;
				GCC_C_LANGUAGE_STANDARD = gnu99;
				GCC_WARN_64_TO_32_BIT_CONVERSION = YES;
				GCC_WARN_ABOUT_RETURN_TYPE = YES_ERROR;
				GCC_WARN_UNDECLARED_SELECTOR = YES;
				GCC_WARN_UNINITIALIZED_AUTOS = YES;
				GCC_WARN_UNUSED_FUNCTION = YES;
				GCC_WARN_UNUSED_VARIABLE = YES;
				IPHONEOS_DEPLOYMENT_TARGET = 6.0;
				SDKROOT = iphoneos;
				VALIDATE_PRODUCT = YES;
			};
			name = Release;
		};
		944833A4185449F300584592 /* Debug */ = {
			isa = XCBuildConfiguration;
			buildSettings = {
				ASSETCATALOG_COMPILER_APPICON_NAME = AppIcon;
				ASSETCATALOG_COMPILER_LAUNCHIMAGE_NAME = LaunchImage;
				CODE_SIGN_IDENTITY = "iPhone Developer";
				"CODE_SIGN_IDENTITY[sdk=iphoneos*]" = "iPhone Developer";
				GCC_PRECOMPILE_PREFIX_HEADER = YES;
				GCC_PREFIX_HEADER = "Wakeup/Wakeup-Prefix.pch";
				INFOPLIST_FILE = "Wakeup/Wakeup-Info.plist";
				LIBRARY_SEARCH_PATHS = (
					"$(inherited)",
					"/Users/Ryan/Desktop/Wakeup/wakeup-ios/Wakeup",
				);
				PRODUCT_NAME = "$(TARGET_NAME)";
				PROVISIONING_PROFILE = "";
				WRAPPER_EXTENSION = app;
			};
			name = Debug;
		};
		944833A5185449F300584592 /* Release */ = {
			isa = XCBuildConfiguration;
			buildSettings = {
				ASSETCATALOG_COMPILER_APPICON_NAME = AppIcon;
				ASSETCATALOG_COMPILER_LAUNCHIMAGE_NAME = LaunchImage;
				CODE_SIGN_IDENTITY = "iPhone Developer";
				"CODE_SIGN_IDENTITY[sdk=iphoneos*]" = "iPhone Developer";
				GCC_PRECOMPILE_PREFIX_HEADER = YES;
				GCC_PREFIX_HEADER = "Wakeup/Wakeup-Prefix.pch";
				INFOPLIST_FILE = "Wakeup/Wakeup-Info.plist";
				LIBRARY_SEARCH_PATHS = (
					"$(inherited)",
					"/Users/Ryan/Desktop/Wakeup/wakeup-ios/Wakeup",
				);
				PRODUCT_NAME = "$(TARGET_NAME)";
				PROVISIONING_PROFILE = "";
				WRAPPER_EXTENSION = app;
			};
			name = Release;
		};
		944833A7185449F300584592 /* Debug */ = {
			isa = XCBuildConfiguration;
			buildSettings = {
				ARCHS = "$(ARCHS_STANDARD_INCLUDING_64_BIT)";
				BUNDLE_LOADER = "$(BUILT_PRODUCTS_DIR)/Wakeup.app/Wakeup";
				FRAMEWORK_SEARCH_PATHS = (
					"$(SDKROOT)/Developer/Library/Frameworks",
					"$(inherited)",
					"$(DEVELOPER_FRAMEWORKS_DIR)",
				);
				GCC_PRECOMPILE_PREFIX_HEADER = YES;
				GCC_PREFIX_HEADER = "Wakeup/Wakeup-Prefix.pch";
				GCC_PREPROCESSOR_DEFINITIONS = (
					"DEBUG=1",
					"$(inherited)",
				);
				INFOPLIST_FILE = "WakeupTests/WakeupTests-Info.plist";
				PRODUCT_NAME = "$(TARGET_NAME)";
				TEST_HOST = "$(BUNDLE_LOADER)";
				WRAPPER_EXTENSION = xctest;
			};
			name = Debug;
		};
		944833A8185449F300584592 /* Release */ = {
			isa = XCBuildConfiguration;
			buildSettings = {
				ARCHS = "$(ARCHS_STANDARD_INCLUDING_64_BIT)";
				BUNDLE_LOADER = "$(BUILT_PRODUCTS_DIR)/Wakeup.app/Wakeup";
				FRAMEWORK_SEARCH_PATHS = (
					"$(SDKROOT)/Developer/Library/Frameworks",
					"$(inherited)",
					"$(DEVELOPER_FRAMEWORKS_DIR)",
				);
				GCC_PRECOMPILE_PREFIX_HEADER = YES;
				GCC_PREFIX_HEADER = "Wakeup/Wakeup-Prefix.pch";
				INFOPLIST_FILE = "WakeupTests/WakeupTests-Info.plist";
				PRODUCT_NAME = "$(TARGET_NAME)";
				TEST_HOST = "$(BUNDLE_LOADER)";
				WRAPPER_EXTENSION = xctest;
			};
			name = Release;
		};
/* End XCBuildConfiguration section */

/* Begin XCConfigurationList section */
		9448336C185449F300584592 /* Build configuration list for PBXProject "Wakeup" */ = {
			isa = XCConfigurationList;
			buildConfigurations = (
				944833A1185449F300584592 /* Debug */,
				944833A2185449F300584592 /* Release */,
			);
			defaultConfigurationIsVisible = 0;
			defaultConfigurationName = Release;
		};
		944833A3185449F300584592 /* Build configuration list for PBXNativeTarget "Wakeup" */ = {
			isa = XCConfigurationList;
			buildConfigurations = (
				944833A4185449F300584592 /* Debug */,
				944833A5185449F300584592 /* Release */,
			);
			defaultConfigurationIsVisible = 0;
			defaultConfigurationName = Release;
		};
		944833A6185449F300584592 /* Build configuration list for PBXNativeTarget "WakeupTests" */ = {
			isa = XCConfigurationList;
			buildConfigurations = (
				944833A7185449F300584592 /* Debug */,
				944833A8185449F300584592 /* Release */,
			);
			defaultConfigurationIsVisible = 0;
			defaultConfigurationName = Release;
		};
/* End XCConfigurationList section */
	};
	rootObject = 94483369185449F300584592 /* Project object */;
}
